// !$*UTF8*$!
{
	archiveVersion = 1;
	classes = {
	};
	objectVersion = 46;
	objects = {

/* Begin PBXBuildFile section */
		0F81867119C6EC2F00CA475E /* AppDelegate.swift in Sources */ = {isa = PBXBuildFile; fileRef = 0F81867019C6EC2F00CA475E /* AppDelegate.swift */; };
		0F81867319C6EC2F00CA475E /* ViewController.swift in Sources */ = {isa = PBXBuildFile; fileRef = 0F81867219C6EC2F00CA475E /* ViewController.swift */; };
		0F81867619C6EC2F00CA475E /* Main.storyboard in Resources */ = {isa = PBXBuildFile; fileRef = 0F81867419C6EC2F00CA475E /* Main.storyboard */; };
		0F81867819C6EC2F00CA475E /* Images.xcassets in Resources */ = {isa = PBXBuildFile; fileRef = 0F81867719C6EC2F00CA475E /* Images.xcassets */; };
		0F81867B19C6EC2F00CA475E /* LaunchScreen.xib in Resources */ = {isa = PBXBuildFile; fileRef = 0F81867919C6EC2F00CA475E /* LaunchScreen.xib */; };
		0F81868719C6EC2F00CA475E /* LionsAndTigersTests.swift in Sources */ = {isa = PBXBuildFile; fileRef = 0F81868619C6EC2F00CA475E /* LionsAndTigersTests.swift */; };
		0F81869219C6EE9B00CA475E /* Tiger.swift in Sources */ = {isa = PBXBuildFile; fileRef = 0F81869119C6EE9B00CA475E /* Tiger.swift */; };
		0F81869B19C6F6DC00CA475E /* BengalTiger.jpg in Resources */ = {isa = PBXBuildFile; fileRef = 0F81869319C6F6DC00CA475E /* BengalTiger.jpg */; };
		0F81869C19C6F6DC00CA475E /* IndochineseTiger.jpg in Resources */ = {isa = PBXBuildFile; fileRef = 0F81869419C6F6DC00CA475E /* IndochineseTiger.jpg */; };
		0F81869D19C6F6DC00CA475E /* Lion.jpg in Resources */ = {isa = PBXBuildFile; fileRef = 0F81869519C6F6DC00CA475E /* Lion.jpg */; };
		0F81869E19C6F6DC00CA475E /* LionCub1.jpg in Resources */ = {isa = PBXBuildFile; fileRef = 0F81869619C6F6DC00CA475E /* LionCub1.jpg */; };
		0F81869F19C6F6DC00CA475E /* LionCub2.jpeg in Resources */ = {isa = PBXBuildFile; fileRef = 0F81869719C6F6DC00CA475E /* LionCub2.jpeg */; };
		0F8186A019C6F6DC00CA475E /* Lioness.jpeg in Resources */ = {isa = PBXBuildFile; fileRef = 0F81869819C6F6DC00CA475E /* Lioness.jpeg */; };
		0F8186A119C6F6DC00CA475E /* MalayanTiger.jpg in Resources */ = {isa = PBXBuildFile; fileRef = 0F81869919C6F6DC00CA475E /* MalayanTiger.jpg */; };
		0F8186A219C6F6DC00CA475E /* SiberianTiger.jpg in Resources */ = {isa = PBXBuildFile; fileRef = 0F81869A19C6F6DC00CA475E /* SiberianTiger.jpg */; };
/* End PBXBuildFile section */

/* Begin PBXContainerItemProxy section */
		0F81868119C6EC2F00CA475E /* PBXContainerItemProxy */ = {
			isa = PBXContainerItemProxy;
			containerPortal = 0F81866319C6EC2F00CA475E /* Project object */;
			proxyType = 1;
			remoteGlobalIDString = 0F81866A19C6EC2F00CA475E;
			remoteInfo = LionsAndTigers;
		};
/* End PBXContainerItemProxy section */

/* Begin PBXFileReference section */
		0F81866B19C6EC2F00CA475E /* LionsAndTigers.app */ = {isa = PBXFileReference; explicitFileType = wrapper.application; includeInIndex = 0; path = LionsAndTigers.app; sourceTree = BUILT_PRODUCTS_DIR; };
		0F81866F19C6EC2F00CA475E /* Info.plist */ = {isa = PBXFileReference; lastKnownFileType = text.plist.xml; path = Info.plist; sourceTree = "<group>"; };
		0F81867019C6EC2F00CA475E /* AppDelegate.swift */ = {isa = PBXFileReference; lastKnownFileType = sourcecode.swift; path = AppDelegate.swift; sourceTree = "<group>"; };
		0F81867219C6EC2F00CA475E /* ViewController.swift */ = {isa = PBXFileReference; lastKnownFileType = sourcecode.swift; path = ViewController.swift; sourceTree = "<group>"; };
		0F81867519C6EC2F00CA475E /* Base */ = {isa = PBXFileReference; lastKnownFileType = file.storyboard; name = Base; path = Base.lproj/Main.storyboard; sourceTree = "<group>"; };
		0F81867719C6EC2F00CA475E /* Images.xcassets */ = {isa = PBXFileReference; lastKnownFileType = folder.assetcatalog; path = Images.xcassets; sourceTree = "<group>"; };
		0F81867A19C6EC2F00CA475E /* Base */ = {isa = PBXFileReference; lastKnownFileType = file.xib; name = Base; path = Base.lproj/LaunchScreen.xib; sourceTree = "<group>"; };
		0F81868019C6EC2F00CA475E /* LionsAndTigersTests.xctest */ = {isa = PBXFileReference; explicitFileType = wrapper.cfbundle; includeInIndex = 0; path = LionsAndTigersTests.xctest; sourceTree = BUILT_PRODUCTS_DIR; };
		0F81868519C6EC2F00CA475E /* Info.plist */ = {isa = PBXFileReference; lastKnownFileType = text.plist.xml; path = Info.plist; sourceTree = "<group>"; };
		0F81868619C6EC2F00CA475E /* LionsAndTigersTests.swift */ = {isa = PBXFileReference; lastKnownFileType = sourcecode.swift; path = LionsAndTigersTests.swift; sourceTree = "<group>"; };
		0F81869119C6EE9B00CA475E /* Tiger.swift */ = {isa = PBXFileReference; fileEncoding = 4; lastKnownFileType = sourcecode.swift; path = Tiger.swift; sourceTree = "<group>"; };
		0F81869319C6F6DC00CA475E /* BengalTiger.jpg */ = {isa = PBXFileReference; lastKnownFileType = image.jpeg; path = BengalTiger.jpg; sourceTree = "<group>"; };
		0F81869419C6F6DC00CA475E /* IndochineseTiger.jpg */ = {isa = PBXFileReference; lastKnownFileType = image.jpeg; path = IndochineseTiger.jpg; sourceTree = "<group>"; };
		0F81869519C6F6DC00CA475E /* Lion.jpg */ = {isa = PBXFileReference; lastKnownFileType = image.jpeg; path = Lion.jpg; sourceTree = "<group>"; };
		0F81869619C6F6DC00CA475E /* LionCub1.jpg */ = {isa = PBXFileReference; lastKnownFileType = image.jpeg; path = LionCub1.jpg; sourceTree = "<group>"; };
		0F81869719C6F6DC00CA475E /* LionCub2.jpeg */ = {isa = PBXFileReference; lastKnownFileType = image.jpeg; path = LionCub2.jpeg; sourceTree = "<group>"; };
		0F81869819C6F6DC00CA475E /* Lioness.jpeg */ = {isa = PBXFileReference; lastKnownFileType = image.jpeg; path = Lioness.jpeg; sourceTree = "<group>"; };
		0F81869919C6F6DC00CA475E /* MalayanTiger.jpg */ = {isa = PBXFileReference; lastKnownFileType = image.jpeg; path = MalayanTiger.jpg; sourceTree = "<group>"; };
		0F81869A19C6F6DC00CA475E /* SiberianTiger.jpg */ = {isa = PBXFileReference; lastKnownFileType = image.jpeg; path = SiberianTiger.jpg; sourceTree = "<group>"; };
/* End PBXFileReference section */

/* Begin PBXFrameworksBuildPhase section */
		0F81866819C6EC2F00CA475E /* Frameworks */ = {
			isa = PBXFrameworksBuildPhase;
			buildActionMask = 2147483647;
			files = (
			);
			runOnlyForDeploymentPostprocessing = 0;
		};
		0F81867D19C6EC2F00CA475E /* Frameworks */ = {
			isa = PBXFrameworksBuildPhase;
			buildActionMask = 2147483647;
			files = (
			);
			runOnlyForDeploymentPostprocessing = 0;
		};
/* End PBXFrameworksBuildPhase section */

/* Begin PBXGroup section */
		0F81866219C6EC2F00CA475E = {
			isa = PBXGroup;
			children = (
				0F81866D19C6EC2F00CA475E /* LionsAndTigers */,
				0F81868319C6EC2F00CA475E /* LionsAndTigersTests */,
				0F81866C19C6EC2F00CA475E /* Products */,
			);
			sourceTree = "<group>";
		};
		0F81866C19C6EC2F00CA475E /* Products */ = {
			isa = PBXGroup;
			children = (
				0F81866B19C6EC2F00CA475E /* LionsAndTigers.app */,
				0F81868019C6EC2F00CA475E /* LionsAndTigersTests.xctest */,
			);
			name = Products;
			sourceTree = "<group>";
		};
		0F81866D19C6EC2F00CA475E /* LionsAndTigers */ = {
			isa = PBXGroup;
			children = (
				0F81867019C6EC2F00CA475E /* AppDelegate.swift */,
				0F81867219C6EC2F00CA475E /* ViewController.swift */,
				0F81867419C6EC2F00CA475E /* Main.storyboard */,
				0F81869019C6EE6800CA475E /* Models */,
				0F81867719C6EC2F00CA475E /* Images.xcassets */,
				0F81867919C6EC2F00CA475E /* LaunchScreen.xib */,
				0F81866E19C6EC2F00CA475E /* Supporting Files */,
			);
			path = LionsAndTigers;
			sourceTree = "<group>";
		};
		0F81866E19C6EC2F00CA475E /* Supporting Files */ = {
			isa = PBXGroup;
			children = (
				0F8186A319C6F71800CA475E /* LionsAndTigersImageAssets */,
				0F81866F19C6EC2F00CA475E /* Info.plist */,
			);
			name = "Supporting Files";
			sourceTree = "<group>";
		};
		0F81868319C6EC2F00CA475E /* LionsAndTigersTests */ = {
			isa = PBXGroup;
			children = (
				0F81868619C6EC2F00CA475E /* LionsAndTigersTests.swift */,
				0F81868419C6EC2F00CA475E /* Supporting Files */,
			);
			path = LionsAndTigersTests;
			sourceTree = "<group>";
		};
		0F81868419C6EC2F00CA475E /* Supporting Files */ = {
			isa = PBXGroup;
			children = (
				0F81868519C6EC2F00CA475E /* Info.plist */,
			);
			name = "Supporting Files";
			sourceTree = "<group>";
		};
		0F81869019C6EE6800CA475E /* Models */ = {
			isa = PBXGroup;
			children = (
				0F81869119C6EE9B00CA475E /* Tiger.swift */,
			);
			name = Models;
			sourceTree = "<group>";
		};
		0F8186A319C6F71800CA475E /* LionsAndTigersImageAssets */ = {
			isa = PBXGroup;
			children = (
				0F81869319C6F6DC00CA475E /* BengalTiger.jpg */,
				0F81869419C6F6DC00CA475E /* IndochineseTiger.jpg */,
				0F81869519C6F6DC00CA475E /* Lion.jpg */,
				0F81869619C6F6DC00CA475E /* LionCub1.jpg */,
				0F81869719C6F6DC00CA475E /* LionCub2.jpeg */,
				0F81869819C6F6DC00CA475E /* Lioness.jpeg */,
				0F81869919C6F6DC00CA475E /* MalayanTiger.jpg */,
				0F81869A19C6F6DC00CA475E /* SiberianTiger.jpg */,
			);
			name = LionsAndTigersImageAssets;
			sourceTree = "<group>";
		};
/* End PBXGroup section */

/* Begin PBXNativeTarget section */
		0F81866A19C6EC2F00CA475E /* LionsAndTigers */ = {
			isa = PBXNativeTarget;
			buildConfigurationList = 0F81868A19C6EC2F00CA475E /* Build configuration list for PBXNativeTarget "LionsAndTigers" */;
			buildPhases = (
				0F81866719C6EC2F00CA475E /* Sources */,
				0F81866819C6EC2F00CA475E /* Frameworks */,
				0F81866919C6EC2F00CA475E /* Resources */,
			);
			buildRules = (
			);
			dependencies = (
			);
			name = LionsAndTigers;
			productName = LionsAndTigers;
			productReference = 0F81866B19C6EC2F00CA475E /* LionsAndTigers.app */;
			productType = "com.apple.product-type.application";
		};
		0F81867F19C6EC2F00CA475E /* LionsAndTigersTests */ = {
			isa = PBXNativeTarget;
			buildConfigurationList = 0F81868D19C6EC2F00CA475E /* Build configuration list for PBXNativeTarget "LionsAndTigersTests" */;
			buildPhases = (
				0F81867C19C6EC2F00CA475E /* Sources */,
				0F81867D19C6EC2F00CA475E /* Frameworks */,
				0F81867E19C6EC2F00CA475E /* Resources */,
			);
			buildRules = (
			);
			dependencies = (
				0F81868219C6EC2F00CA475E /* PBXTargetDependency */,
			);
			name = LionsAndTigersTests;
			productName = LionsAndTigersTests;
			productReference = 0F81868019C6EC2F00CA475E /* LionsAndTigersTests.xctest */;
			productType = "com.apple.product-type.bundle.unit-test";
		};
/* End PBXNativeTarget section */

/* Begin PBXProject section */
		0F81866319C6EC2F00CA475E /* Project object */ = {
			isa = PBXProject;
			attributes = {
				LastUpgradeCheck = 0600;
				ORGANIZATIONNAME = "Dave Arnoldi";
				TargetAttributes = {
					0F81866A19C6EC2F00CA475E = {
						CreatedOnToolsVersion = 6.0;
					};
					0F81867F19C6EC2F00CA475E = {
						CreatedOnToolsVersion = 6.0;
						TestTargetID = 0F81866A19C6EC2F00CA475E;
					};
				};
			};
			buildConfigurationList = 0F81866619C6EC2F00CA475E /* Build configuration list for PBXProject "LionsAndTigers" */;
			compatibilityVersion = "Xcode 3.2";
			developmentRegion = English;
			hasScannedForEncodings = 0;
			knownRegions = (
				en,
				Base,
			);
			mainGroup = 0F81866219C6EC2F00CA475E;
			productRefGroup = 0F81866C19C6EC2F00CA475E /* Products */;
			projectDirPath = "";
			projectRoot = "";
			targets = (
				0F81866A19C6EC2F00CA475E /* LionsAndTigers */,
				0F81867F19C6EC2F00CA475E /* LionsAndTigersTests */,
			);
		};
/* End PBXProject section */

/* Begin PBXResourcesBuildPhase section */
		0F81866919C6EC2F00CA475E /* Resources */ = {
			isa = PBXResourcesBuildPhase;
			buildActionMask = 2147483647;
			files = (
				0F81869C19C6F6DC00CA475E /* IndochineseTiger.jpg in Resources */,
				0F81867619C6EC2F00CA475E /* Main.storyboard in Resources */,
				0F81867B19C6EC2F00CA475E /* LaunchScreen.xib in Resources */,
				0F8186A019C6F6DC00CA475E /* Lioness.jpeg in Resources */,
				0F81869E19C6F6DC00CA475E /* LionCub1.jpg in Resources */,
				0F8186A119C6F6DC00CA475E /* MalayanTiger.jpg in Resources */,
				0F8186A219C6F6DC00CA475E /* SiberianTiger.jpg in Resources */,
				0F81869B19C6F6DC00CA475E /* BengalTiger.jpg in Resources */,
				0F81867819C6EC2F00CA475E /* Images.xcassets in Resources */,
				0F81869D19C6F6DC00CA475E /* Lion.jpg in Resources */,
				0F81869F19C6F6DC00CA475E /* LionCub2.jpeg in Resources */,
			);
			runOnlyForDeploymentPostprocessing = 0;
		};
		0F81867E19C6EC2F00CA475E /* Resources */ = {
			isa = PBXResourcesBuildPhase;
			buildActionMask = 2147483647;
			files = (
			);
			runOnlyForDeploymentPostprocessing = 0;
		};
/* End PBXResourcesBuildPhase section */

/* Begin PBXSourcesBuildPhase section */
		0F81866719C6EC2F00CA475E /* Sources */ = {
			isa = PBXSourcesBuildPhase;
			buildActionMask = 2147483647;
			files = (
				0F81867319C6EC2F00CA475E /* ViewController.swift in Sources */,
				0F81869219C6EE9B00CA475E /* Tiger.swift in Sources */,
				0F81867119C6EC2F00CA475E /* AppDelegate.swift in Sources */,
			);
			runOnlyForDeploymentPostprocessing = 0;
		};
		0F81867C19C6EC2F00CA475E /* Sources */ = {
			isa = PBXSourcesBuildPhase;
			buildActionMask = 2147483647;
			files = (
				0F81868719C6EC2F00CA475E /* LionsAndTigersTests.swift in Sources */,
			);
			runOnlyForDeploymentPostprocessing = 0;
		};
/* End PBXSourcesBuildPhase section */

/* Begin PBXTargetDependency section */
		0F81868219C6EC2F00CA475E /* PBXTargetDependency */ = {
			isa = PBXTargetDependency;
			target = 0F81866A19C6EC2F00CA475E /* LionsAndTigers */;
			targetProxy = 0F81868119C6EC2F00CA475E /* PBXContainerItemProxy */;
		};
/* End PBXTargetDependency section */

/* Begin PBXVariantGroup section */
		0F81867419C6EC2F00CA475E /* Main.storyboard */ = {
			isa = PBXVariantGroup;
			children = (
				0F81867519C6EC2F00CA475E /* Base */,
			);
			name = Main.storyboard;
			sourceTree = "<group>";
		};
		0F81867919C6EC2F00CA475E /* LaunchScreen.xib */ = {
			isa = PBXVariantGroup;
			children = (
				0F81867A19C6EC2F00CA475E /* Base */,
			);
			name = LaunchScreen.xib;
			sourceTree = "<group>";
		};
/* End PBXVariantGroup section */

/* Begin XCBuildConfiguration section */
		0F81868819C6EC2F00CA475E /* Debug */ = {
			isa = XCBuildConfiguration;
			buildSettings = {
				ALWAYS_SEARCH_USER_PATHS = NO;
				CLANG_CXX_LANGUAGE_STANDARD = "gnu++0x";
				CLANG_CXX_LIBRARY = "libc++";
				CLANG_ENABLE_MODULES = YES;
				CLANG_ENABLE_OBJC_ARC = YES;
				CLANG_WARN_BOOL_CONVERSION = YES;
				CLANG_WARN_CONSTANT_CONVERSION = YES;
				CLANG_WARN_DIRECT_OBJC_ISA_USAGE = YES_ERROR;
				CLANG_WARN_EMPTY_BODY = YES;
				CLANG_WARN_ENUM_CONVERSION = YES;
				CLANG_WARN_INT_CONVERSION = YES;
				CLANG_WARN_OBJC_ROOT_CLASS = YES_ERROR;
				CLANG_WARN_UNREACHABLE_CODE = YES;
				CLANG_WARN__DUPLICATE_METHOD_MATCH = YES;
				"CODE_SIGN_IDENTITY[sdk=iphoneos*]" = "iPhone Developer";
				COPY_PHASE_STRIP = NO;
				ENABLE_STRICT_OBJC_MSGSEND = YES;
				GCC_C_LANGUAGE_STANDARD = gnu99;
				GCC_DYNAMIC_NO_PIC = NO;
				GCC_OPTIMIZATION_LEVEL = 0;
				GCC_PREPROCESSOR_DEFINITIONS = (
					"DEBUG=1",
					"$(inherited)",
				);
				GCC_SYMBOLS_PRIVATE_EXTERN = NO;
				GCC_WARN_64_TO_32_BIT_CONVERSION = YES;
				GCC_WARN_ABOUT_RETURN_TYPE = YES_ERROR;
				GCC_WARN_UNDECLARED_SELECTOR = YES;
				GCC_WARN_UNINITIALIZED_AUTOS = YES_AGGRESSIVE;
				GCC_WARN_UNUSED_FUNCTION = YES;
				GCC_WARN_UNUSED_VARIABLE = YES;
				IPHONEOS_DEPLOYMENT_TARGET = 8.0;
				MTL_ENABLE_DEBUG_INFO = YES;
				ONLY_ACTIVE_ARCH = YES;
				SDKROOT = iphoneos;
				SWIFT_OPTIMIZATION_LEVEL = "-Onone";
			};
			name = Debug;
		};
		0F81868919C6EC2F00CA475E /* Release */ = {
			isa = XCBuildConfiguration;
			buildSettings = {
				ALWAYS_SEARCH_USER_PATHS = NO;
				CLANG_CXX_LANGUAGE_STANDARD = "gnu++0x";
				CLANG_CXX_LIBRARY = "libc++";
				CLANG_ENABLE_MODULES = YES;
				CLANG_ENABLE_OBJC_ARC = YES;
				CLANG_WARN_BOOL_CONVERSION = YES;
				CLANG_WARN_CONSTANT_CONVERSION = YES;
				CLANG_WARN_DIRECT_OBJC_ISA_USAGE = YES_ERROR;
				CLANG_WARN_EMPTY_BODY = YES;
				CLANG_WARN_ENUM_CONVERSION = YES;
				CLANG_WARN_INT_CONVERSION = YES;
				CLANG_WARN_OBJC_ROOT_CLASS = YES_ERROR;
				CLANG_WARN_UNREACHABLE_CODE = YES;
				CLANG_WARN__DUPLICATE_METHOD_MATCH = YES;
				"CODE_SIGN_IDENTITY[sdk=iphoneos*]" = "iPhone Developer";
				COPY_PHASE_STRIP = YES;
				ENABLE_NS_ASSERTIONS = NO;
				ENABLE_STRICT_OBJC_MSGSEND = YES;
				GCC_C_LANGUAGE_STANDARD = gnu99;
				GCC_WARN_64_TO_32_BIT_CONVERSION = YES;
				GCC_WARN_ABOUT_RETURN_TYPE = YES_ERROR;
				GCC_WARN_UNDECLARED_SELECTOR = YES;
				GCC_WARN_UNINITIALIZED_AUTOS = YES_AGGRESSIVE;
				GCC_WARN_UNUSED_FUNCTION = YES;
				GCC_WARN_UNUSED_VARIABLE = YES;
				IPHONEOS_DEPLOYMENT_TARGET = 8.0;
				MTL_ENABLE_DEBUG_INFO = NO;
				SDKROOT = iphoneos;
				VALIDATE_PRODUCT = YES;
			};
			name = Release;
		};
		0F81868B19C6EC2F00CA475E /* Debug */ = {
			isa = XCBuildConfiguration;
			buildSettings = {
				ASSETCATALOG_COMPILER_APPICON_NAME = AppIcon;
				INFOPLIST_FILE = LionsAndTigers/Info.plist;
				LD_RUNPATH_SEARCH_PATHS = "$(inherited) @executable_path/Frameworks";
				PRODUCT_NAME = "$(TARGET_NAME)";
			};
			name = Debug;
		};
		0F81868C19C6EC2F00CA475E /* Release */ = {
			isa = XCBuildConfiguration;
			buildSettings = {
				ASSETCATALOG_COMPILER_APPICON_NAME = AppIcon;
				INFOPLIST_FILE = LionsAndTigers/Info.plist;
				LD_RUNPATH_SEARCH_PATHS = "$(inherited) @executable_path/Frameworks";
				PRODUCT_NAME = "$(TARGET_NAME)";
			};
			name = Release;
		};
		0F81868E19C6EC2F00CA475E /* Debug */ = {
			isa = XCBuildConfiguration;
			buildSettings = {
				BUNDLE_LOADER = "$(TEST_HOST)";
				FRAMEWORK_SEARCH_PATHS = (
					"$(SDKROOT)/Developer/Library/Frameworks",
					"$(inherited)",
				);
				GCC_PREPROCESSOR_DEFINITIONS = (
					"DEBUG=1",
					"$(inherited)",
				);
				INFOPLIST_FILE = LionsAndTigersTests/Info.plist;
				LD_RUNPATH_SEARCH_PATHS = "$(inherited) @executable_path/Frameworks @loader_path/Frameworks";
				PRODUCT_NAME = "$(TARGET_NAME)";
				TEST_HOST = "$(BUILT_PRODUCTS_DIR)/LionsAndTigers.app/LionsAndTigers";
			};
			name = Debug;
		};
		0F81868F19C6EC2F00CA475E /* Release */ = {
			isa = XCBuildConfiguration;
			buildSettings = {
				BUNDLE_LOADER = "$(TEST_HOST)";
				FRAMEWORK_SEARCH_PATHS = (
					"$(SDKROOT)/Developer/Library/Frameworks",
					"$(inherited)",
				);
				INFOPLIST_FILE = LionsAndTigersTests/Info.plist;
				LD_RUNPATH_SEARCH_PATHS = "$(inherited) @executable_path/Frameworks @loader_path/Frameworks";
				PRODUCT_NAME = "$(TARGET_NAME)";
				TEST_HOST = "$(BUILT_PRODUCTS_DIR)/LionsAndTigers.app/LionsAndTigers";
			};
			name = Release;
		};
/* End XCBuildConfiguration section */

/* Begin XCConfigurationList section */
		0F81866619C6EC2F00CA475E /* Build configuration list for PBXProject "LionsAndTigers" */ = {
			isa = XCConfigurationList;
			buildConfigurations = (
				0F81868819C6EC2F00CA475E /* Debug */,
				0F81868919C6EC2F00CA475E /* Release */,
			);
			defaultConfigurationIsVisible = 0;
			defaultConfigurationName = Release;
		};
		0F81868A19C6EC2F00CA475E /* Build configuration list for PBXNativeTarget "LionsAndTigers" */ = {
			isa = XCConfigurationList;
			buildConfigurations = (
				0F81868B19C6EC2F00CA475E /* Debug */,
				0F81868C19C6EC2F00CA475E /* Release */,
			);
			defaultConfigurationIsVisible = 0;
		};
		0F81868D19C6EC2F00CA475E /* Build configuration list for PBXNativeTarget "LionsAndTigersTests" */ = {
			isa = XCConfigurationList;
			buildConfigurations = (
				0F81868E19C6EC2F00CA475E /* Debug */,
				0F81868F19C6EC2F00CA475E /* Release */,
			);
			defaultConfigurationIsVisible = 0;
		};
/* End XCConfigurationList section */
	};
	rootObject = 0F81866319C6EC2F00CA475E /* Project object */;
}
